// !$*UTF8*$!
{
	archiveVersion = 1;
	classes = {
	};
	objectVersion = 50;
	objects = {

/* Begin PBXBuildFile section */
		0872F90F335187BE9FE12918 /* Pods_Contacts.framework in Frameworks */ = {isa = PBXBuildFile; fileRef = B8F7DAEC3DA3187500C5B39F /* Pods_Contacts.framework */; };
		F86BD8A822CC580E00324A6A /* GlobalConstant.swift in Sources */ = {isa = PBXBuildFile; fileRef = F86BD8A722CC580E00324A6A /* GlobalConstant.swift */; };
		F86BD8D522CC59E800324A6A /* BaseVM.swift in Sources */ = {isa = PBXBuildFile; fileRef = F86BD8BA22CC59E800324A6A /* BaseVM.swift */; };
		F86BD8D722CC59E800324A6A /* Repository.swift in Sources */ = {isa = PBXBuildFile; fileRef = F86BD8BE22CC59E800324A6A /* Repository.swift */; };
		F86BD8D822CC59E800324A6A /* ContactsRepository.swift in Sources */ = {isa = PBXBuildFile; fileRef = F86BD8BF22CC59E800324A6A /* ContactsRepository.swift */; };
		F86BD8DA22CC59E800324A6A /* Response.swift in Sources */ = {isa = PBXBuildFile; fileRef = F86BD8C122CC59E800324A6A /* Response.swift */; };
		F86BD8DC22CC59E800324A6A /* API.swift in Sources */ = {isa = PBXBuildFile; fileRef = F86BD8C322CC59E800324A6A /* API.swift */; };
		F86BD8DD22CC59E800324A6A /* Request.swift in Sources */ = {isa = PBXBuildFile; fileRef = F86BD8C422CC59E800324A6A /* Request.swift */; };
		F86BD8E922CC5B2300324A6A /* LoaderCell.swift in Sources */ = {isa = PBXBuildFile; fileRef = F86BD8E422CC5B2300324A6A /* LoaderCell.swift */; };
		F86BD8EA22CC5B2300324A6A /* BaseCell.swift in Sources */ = {isa = PBXBuildFile; fileRef = F86BD8E622CC5B2300324A6A /* BaseCell.swift */; };
		F86BD8EB22CC5B2300324A6A /* LoaderCell.xib in Resources */ = {isa = PBXBuildFile; fileRef = F86BD8E822CC5B2300324A6A /* LoaderCell.xib */; };
		F86BD8ED22CC5B8F00324A6A /* Kingfisher.framework in Frameworks */ = {isa = PBXBuildFile; fileRef = F86BD8EC22CC5B8F00324A6A /* Kingfisher.framework */; };
		F86BD8EF22CC5B8F00324A6A /* Networking.framework in Frameworks */ = {isa = PBXBuildFile; fileRef = F86BD8EE22CC5B8F00324A6A /* Networking.framework */; };
		F86BD90022CC790500324A6A /* GlobalEnums.swift in Sources */ = {isa = PBXBuildFile; fileRef = F86BD8FF22CC790500324A6A /* GlobalEnums.swift */; };
		F86BD90222CC79BD00324A6A /* ContactListVM.swift in Sources */ = {isa = PBXBuildFile; fileRef = F86BD90122CC79BD00324A6A /* ContactListVM.swift */; };
		F86BD90522CC7AAB00324A6A /* Contact.swift in Sources */ = {isa = PBXBuildFile; fileRef = F86BD90422CC7AAB00324A6A /* Contact.swift */; };
		F86BD90722CC833B00324A6A /* GlobalVMFactory.swift in Sources */ = {isa = PBXBuildFile; fileRef = F86BD90622CC833B00324A6A /* GlobalVMFactory.swift */; };
		F86BD90C22CCA54300324A6A /* BaseVC.swift in Sources */ = {isa = PBXBuildFile; fileRef = F86BD90B22CCA54300324A6A /* BaseVC.swift */; };
		F86BD90F22CCABC200324A6A /* BaseContactsVM.swift in Sources */ = {isa = PBXBuildFile; fileRef = F86BD90E22CCABC200324A6A /* BaseContactsVM.swift */; };
		F86BD91122CCACBF00324A6A /* ContactCell.xib in Resources */ = {isa = PBXBuildFile; fileRef = F86BD91022CCACBF00324A6A /* ContactCell.xib */; };
		F86BD91322CCACE200324A6A /* ContactCell.swift in Sources */ = {isa = PBXBuildFile; fileRef = F86BD91222CCACE200324A6A /* ContactCell.swift */; };
		F86BD91622CCB0A300324A6A /* StringHelper.swift in Sources */ = {isa = PBXBuildFile; fileRef = F86BD91522CCB0A300324A6A /* StringHelper.swift */; };
		F86BD91822CCB12300324A6A /* ImageViewHelper.swift in Sources */ = {isa = PBXBuildFile; fileRef = F86BD91722CCB12300324A6A /* ImageViewHelper.swift */; };
		F87F7EC122CC51AB00A2B72F /* AppDelegate.swift in Sources */ = {isa = PBXBuildFile; fileRef = F87F7EC022CC51AB00A2B72F /* AppDelegate.swift */; };
		F87F7EC322CC51AB00A2B72F /* ContactListVC.swift in Sources */ = {isa = PBXBuildFile; fileRef = F87F7EC222CC51AB00A2B72F /* ContactListVC.swift */; };
		F87F7EC622CC51AB00A2B72F /* Contacts.storyboard in Resources */ = {isa = PBXBuildFile; fileRef = F87F7EC422CC51AB00A2B72F /* Contacts.storyboard */; };
		F87F7EC822CC51AD00A2B72F /* Assets.xcassets in Resources */ = {isa = PBXBuildFile; fileRef = F87F7EC722CC51AD00A2B72F /* Assets.xcassets */; };
		F87F7ECB22CC51AD00A2B72F /* LaunchScreen.storyboard in Resources */ = {isa = PBXBuildFile; fileRef = F87F7EC922CC51AD00A2B72F /* LaunchScreen.storyboard */; };
		F87F7ED622CC51AD00A2B72F /* ContactListVMTest.swift in Sources */ = {isa = PBXBuildFile; fileRef = F87F7ED522CC51AD00A2B72F /* ContactListVMTest.swift */; };
		F87F7EE122CC51AD00A2B72F /* ContactsUITests.swift in Sources */ = {isa = PBXBuildFile; fileRef = F87F7EE022CC51AD00A2B72F /* ContactsUITests.swift */; };
		F8F22D3C22CCD46B0017DA96 /* URLHelper.swift in Sources */ = {isa = PBXBuildFile; fileRef = F8F22D3B22CCD46B0017DA96 /* URLHelper.swift */; };
		F8F22D4022CCD6670017DA96 /* ColorHelper.swift in Sources */ = {isa = PBXBuildFile; fileRef = F8F22D3F22CCD6670017DA96 /* ColorHelper.swift */; };
		F8F22D4222CCDFA50017DA96 /* ArrayHelper.swift in Sources */ = {isa = PBXBuildFile; fileRef = F8F22D4122CCDFA50017DA96 /* ArrayHelper.swift */; };
		F8F22D4422CCF6290017DA96 /* SectionHeader.xib in Resources */ = {isa = PBXBuildFile; fileRef = F8F22D4322CCF6290017DA96 /* SectionHeader.xib */; };
		F8F22D4622CCF7ED0017DA96 /* SectionHeader.swift in Sources */ = {isa = PBXBuildFile; fileRef = F8F22D4522CCF7ED0017DA96 /* SectionHeader.swift */; };
		F8F22D4822CCFC4F0017DA96 /* ImageHelper.swift in Sources */ = {isa = PBXBuildFile; fileRef = F8F22D4722CCFC4F0017DA96 /* ImageHelper.swift */; };
		F8F22D4A22CD140E0017DA96 /* ContactDetailsVM.swift in Sources */ = {isa = PBXBuildFile; fileRef = F8F22D4922CD140E0017DA96 /* ContactDetailsVM.swift */; };
		F8F22D4C22CD141E0017DA96 /* ContactCreateVM.swift in Sources */ = {isa = PBXBuildFile; fileRef = F8F22D4B22CD141E0017DA96 /* ContactCreateVM.swift */; };
		F8F22D4E22CD20010017DA96 /* ContactDetailsVMTest.swift in Sources */ = {isa = PBXBuildFile; fileRef = F8F22D4D22CD20010017DA96 /* ContactDetailsVMTest.swift */; };
		F8F22D5E22CD96040017DA96 /* DELETE-contacts-failed.json in Resources */ = {isa = PBXBuildFile; fileRef = F8F22D5222CD96030017DA96 /* DELETE-contacts-failed.json */; };
		F8F22D5F22CD96040017DA96 /* GET-contacts-6027-failed.json in Resources */ = {isa = PBXBuildFile; fileRef = F8F22D5322CD96030017DA96 /* GET-contacts-6027-failed.json */; };
		F8F22D6022CD96040017DA96 /* GET-contacts-failed.json in Resources */ = {isa = PBXBuildFile; fileRef = F8F22D5422CD96030017DA96 /* GET-contacts-failed.json */; };
		F8F22D6222CD96040017DA96 /* POST-contacts-failed.json in Resources */ = {isa = PBXBuildFile; fileRef = F8F22D5622CD96030017DA96 /* POST-contacts-failed.json */; };
		F8F22D6322CD96040017DA96 /* PUT-contacts-failed.json in Resources */ = {isa = PBXBuildFile; fileRef = F8F22D5722CD96030017DA96 /* PUT-contacts-failed.json */; };
		F8F22D6422CD96040017DA96 /* DELETE-contacts.json in Resources */ = {isa = PBXBuildFile; fileRef = F8F22D5922CD96040017DA96 /* DELETE-contacts.json */; };
		F8F22D6522CD96040017DA96 /* GET-contacts-6027.json in Resources */ = {isa = PBXBuildFile; fileRef = F8F22D5A22CD96040017DA96 /* GET-contacts-6027.json */; };
		F8F22D6622CD96040017DA96 /* GET-contacts.json in Resources */ = {isa = PBXBuildFile; fileRef = F8F22D5B22CD96040017DA96 /* GET-contacts.json */; };
		F8F22D6722CD96040017DA96 /* POST-contacts.json in Resources */ = {isa = PBXBuildFile; fileRef = F8F22D5C22CD96040017DA96 /* POST-contacts.json */; };
		F8F22D6822CD96040017DA96 /* PUT-contacts.json in Resources */ = {isa = PBXBuildFile; fileRef = F8F22D5D22CD96040017DA96 /* PUT-contacts.json */; };
/* End PBXBuildFile section */

/* Begin PBXContainerItemProxy section */
		F87F7ED222CC51AD00A2B72F /* PBXContainerItemProxy */ = {
			isa = PBXContainerItemProxy;
			containerPortal = F87F7EB522CC51AB00A2B72F /* Project object */;
			proxyType = 1;
			remoteGlobalIDString = F87F7EBC22CC51AB00A2B72F;
			remoteInfo = Contacts;
		};
		F87F7EDD22CC51AD00A2B72F /* PBXContainerItemProxy */ = {
			isa = PBXContainerItemProxy;
			containerPortal = F87F7EB522CC51AB00A2B72F /* Project object */;
			proxyType = 1;
			remoteGlobalIDString = F87F7EBC22CC51AB00A2B72F;
			remoteInfo = Contacts;
		};
/* End PBXContainerItemProxy section */

/* Begin PBXFileReference section */
		5D088C47E497917F6ECE3F7A /* Pods-Contacts.release.xcconfig */ = {isa = PBXFileReference; includeInIndex = 1; lastKnownFileType = text.xcconfig; name = "Pods-Contacts.release.xcconfig"; path = "Pods/Target Support Files/Pods-Contacts/Pods-Contacts.release.xcconfig"; sourceTree = "<group>"; };
		745D0EA947C8211EAF18C9E4 /* Pods-Contacts.debug.xcconfig */ = {isa = PBXFileReference; includeInIndex = 1; lastKnownFileType = text.xcconfig; name = "Pods-Contacts.debug.xcconfig"; path = "Pods/Target Support Files/Pods-Contacts/Pods-Contacts.debug.xcconfig"; sourceTree = "<group>"; };
		B8F7DAEC3DA3187500C5B39F /* Pods_Contacts.framework */ = {isa = PBXFileReference; explicitFileType = wrapper.framework; includeInIndex = 0; path = Pods_Contacts.framework; sourceTree = BUILT_PRODUCTS_DIR; };
		F86BD8A722CC580E00324A6A /* GlobalConstant.swift */ = {isa = PBXFileReference; fileEncoding = 4; lastKnownFileType = sourcecode.swift; path = GlobalConstant.swift; sourceTree = SOURCE_ROOT; };
		F86BD8BA22CC59E800324A6A /* BaseVM.swift */ = {isa = PBXFileReference; fileEncoding = 4; lastKnownFileType = sourcecode.swift; path = BaseVM.swift; sourceTree = "<group>"; };
		F86BD8BE22CC59E800324A6A /* Repository.swift */ = {isa = PBXFileReference; fileEncoding = 4; lastKnownFileType = sourcecode.swift; path = Repository.swift; sourceTree = "<group>"; };
		F86BD8BF22CC59E800324A6A /* ContactsRepository.swift */ = {isa = PBXFileReference; fileEncoding = 4; lastKnownFileType = sourcecode.swift; path = ContactsRepository.swift; sourceTree = "<group>"; };
		F86BD8C122CC59E800324A6A /* Response.swift */ = {isa = PBXFileReference; fileEncoding = 4; lastKnownFileType = sourcecode.swift; path = Response.swift; sourceTree = "<group>"; };
		F86BD8C322CC59E800324A6A /* API.swift */ = {isa = PBXFileReference; fileEncoding = 4; lastKnownFileType = sourcecode.swift; path = API.swift; sourceTree = "<group>"; };
		F86BD8C422CC59E800324A6A /* Request.swift */ = {isa = PBXFileReference; fileEncoding = 4; lastKnownFileType = sourcecode.swift; path = Request.swift; sourceTree = "<group>"; };
		F86BD8E422CC5B2300324A6A /* LoaderCell.swift */ = {isa = PBXFileReference; fileEncoding = 4; lastKnownFileType = sourcecode.swift; path = LoaderCell.swift; sourceTree = "<group>"; };
		F86BD8E622CC5B2300324A6A /* BaseCell.swift */ = {isa = PBXFileReference; fileEncoding = 4; lastKnownFileType = sourcecode.swift; path = BaseCell.swift; sourceTree = "<group>"; };
		F86BD8E822CC5B2300324A6A /* LoaderCell.xib */ = {isa = PBXFileReference; fileEncoding = 4; lastKnownFileType = file.xib; path = LoaderCell.xib; sourceTree = "<group>"; };
		F86BD8EC22CC5B8F00324A6A /* Kingfisher.framework */ = {isa = PBXFileReference; explicitFileType = wrapper.framework; path = Kingfisher.framework; sourceTree = BUILT_PRODUCTS_DIR; };
		F86BD8EE22CC5B8F00324A6A /* Networking.framework */ = {isa = PBXFileReference; explicitFileType = wrapper.framework; path = Networking.framework; sourceTree = BUILT_PRODUCTS_DIR; };
		F86BD8FF22CC790500324A6A /* GlobalEnums.swift */ = {isa = PBXFileReference; lastKnownFileType = sourcecode.swift; path = GlobalEnums.swift; sourceTree = "<group>"; };
		F86BD90122CC79BD00324A6A /* ContactListVM.swift */ = {isa = PBXFileReference; lastKnownFileType = sourcecode.swift; path = ContactListVM.swift; sourceTree = "<group>"; };
		F86BD90422CC7AAB00324A6A /* Contact.swift */ = {isa = PBXFileReference; lastKnownFileType = sourcecode.swift; path = Contact.swift; sourceTree = "<group>"; };
		F86BD90622CC833B00324A6A /* GlobalVMFactory.swift */ = {isa = PBXFileReference; lastKnownFileType = sourcecode.swift; path = GlobalVMFactory.swift; sourceTree = "<group>"; };
		F86BD90B22CCA54300324A6A /* BaseVC.swift */ = {isa = PBXFileReference; lastKnownFileType = sourcecode.swift; path = BaseVC.swift; sourceTree = "<group>"; };
		F86BD90E22CCABC200324A6A /* BaseContactsVM.swift */ = {isa = PBXFileReference; lastKnownFileType = sourcecode.swift; path = BaseContactsVM.swift; sourceTree = "<group>"; };
		F86BD91022CCACBF00324A6A /* ContactCell.xib */ = {isa = PBXFileReference; lastKnownFileType = file.xib; path = ContactCell.xib; sourceTree = "<group>"; };
		F86BD91222CCACE200324A6A /* ContactCell.swift */ = {isa = PBXFileReference; lastKnownFileType = sourcecode.swift; path = ContactCell.swift; sourceTree = "<group>"; };
		F86BD91522CCB0A300324A6A /* StringHelper.swift */ = {isa = PBXFileReference; lastKnownFileType = sourcecode.swift; path = StringHelper.swift; sourceTree = "<group>"; };
		F86BD91722CCB12300324A6A /* ImageViewHelper.swift */ = {isa = PBXFileReference; lastKnownFileType = sourcecode.swift; path = ImageViewHelper.swift; sourceTree = "<group>"; };
		F87F7EBD22CC51AB00A2B72F /* Contacts.app */ = {isa = PBXFileReference; explicitFileType = wrapper.application; includeInIndex = 0; path = Contacts.app; sourceTree = BUILT_PRODUCTS_DIR; };
		F87F7EC022CC51AB00A2B72F /* AppDelegate.swift */ = {isa = PBXFileReference; lastKnownFileType = sourcecode.swift; path = AppDelegate.swift; sourceTree = "<group>"; };
		F87F7EC222CC51AB00A2B72F /* ContactListVC.swift */ = {isa = PBXFileReference; lastKnownFileType = sourcecode.swift; path = ContactListVC.swift; sourceTree = "<group>"; };
		F87F7EC522CC51AB00A2B72F /* Base */ = {isa = PBXFileReference; lastKnownFileType = file.storyboard; name = Base; path = Base.lproj/Contacts.storyboard; sourceTree = "<group>"; };
		F87F7EC722CC51AD00A2B72F /* Assets.xcassets */ = {isa = PBXFileReference; lastKnownFileType = folder.assetcatalog; path = Assets.xcassets; sourceTree = "<group>"; };
		F87F7ECA22CC51AD00A2B72F /* Base */ = {isa = PBXFileReference; lastKnownFileType = file.storyboard; name = Base; path = Base.lproj/LaunchScreen.storyboard; sourceTree = "<group>"; };
		F87F7ECC22CC51AD00A2B72F /* Info.plist */ = {isa = PBXFileReference; lastKnownFileType = text.plist.xml; path = Info.plist; sourceTree = "<group>"; };
		F87F7ED122CC51AD00A2B72F /* ContactsTests.xctest */ = {isa = PBXFileReference; explicitFileType = wrapper.cfbundle; includeInIndex = 0; path = ContactsTests.xctest; sourceTree = BUILT_PRODUCTS_DIR; };
		F87F7ED522CC51AD00A2B72F /* ContactListVMTest.swift */ = {isa = PBXFileReference; lastKnownFileType = sourcecode.swift; path = ContactListVMTest.swift; sourceTree = "<group>"; };
		F87F7ED722CC51AD00A2B72F /* Info.plist */ = {isa = PBXFileReference; lastKnownFileType = text.plist.xml; path = Info.plist; sourceTree = "<group>"; };
		F87F7EDC22CC51AD00A2B72F /* ContactsUITests.xctest */ = {isa = PBXFileReference; explicitFileType = wrapper.cfbundle; includeInIndex = 0; path = ContactsUITests.xctest; sourceTree = BUILT_PRODUCTS_DIR; };
		F87F7EE022CC51AD00A2B72F /* ContactsUITests.swift */ = {isa = PBXFileReference; lastKnownFileType = sourcecode.swift; path = ContactsUITests.swift; sourceTree = "<group>"; };
		F87F7EE222CC51AD00A2B72F /* Info.plist */ = {isa = PBXFileReference; lastKnownFileType = text.plist.xml; path = Info.plist; sourceTree = "<group>"; };
		F8F22D3B22CCD46B0017DA96 /* URLHelper.swift */ = {isa = PBXFileReference; lastKnownFileType = sourcecode.swift; path = URLHelper.swift; sourceTree = "<group>"; };
		F8F22D3F22CCD6670017DA96 /* ColorHelper.swift */ = {isa = PBXFileReference; lastKnownFileType = sourcecode.swift; path = ColorHelper.swift; sourceTree = "<group>"; };
		F8F22D4122CCDFA50017DA96 /* ArrayHelper.swift */ = {isa = PBXFileReference; lastKnownFileType = sourcecode.swift; path = ArrayHelper.swift; sourceTree = "<group>"; };
		F8F22D4322CCF6290017DA96 /* SectionHeader.xib */ = {isa = PBXFileReference; lastKnownFileType = file.xib; path = SectionHeader.xib; sourceTree = "<group>"; };
		F8F22D4522CCF7ED0017DA96 /* SectionHeader.swift */ = {isa = PBXFileReference; lastKnownFileType = sourcecode.swift; path = SectionHeader.swift; sourceTree = "<group>"; };
		F8F22D4722CCFC4F0017DA96 /* ImageHelper.swift */ = {isa = PBXFileReference; lastKnownFileType = sourcecode.swift; path = ImageHelper.swift; sourceTree = "<group>"; };
		F8F22D4922CD140E0017DA96 /* ContactDetailsVM.swift */ = {isa = PBXFileReference; lastKnownFileType = sourcecode.swift; path = ContactDetailsVM.swift; sourceTree = "<group>"; };
		F8F22D4B22CD141E0017DA96 /* ContactCreateVM.swift */ = {isa = PBXFileReference; lastKnownFileType = sourcecode.swift; path = ContactCreateVM.swift; sourceTree = "<group>"; };
		F8F22D4D22CD20010017DA96 /* ContactDetailsVMTest.swift */ = {isa = PBXFileReference; lastKnownFileType = sourcecode.swift; path = ContactDetailsVMTest.swift; sourceTree = "<group>"; };
		F8F22D5222CD96030017DA96 /* DELETE-contacts-failed.json */ = {isa = PBXFileReference; fileEncoding = 4; lastKnownFileType = text.json; path = "DELETE-contacts-failed.json"; sourceTree = "<group>"; };
		F8F22D5322CD96030017DA96 /* GET-contacts-6027-failed.json */ = {isa = PBXFileReference; fileEncoding = 4; lastKnownFileType = text.json; path = "GET-contacts-6027-failed.json"; sourceTree = "<group>"; };
		F8F22D5422CD96030017DA96 /* GET-contacts-failed.json */ = {isa = PBXFileReference; fileEncoding = 4; lastKnownFileType = text.json; path = "GET-contacts-failed.json"; sourceTree = "<group>"; };
		F8F22D5622CD96030017DA96 /* POST-contacts-failed.json */ = {isa = PBXFileReference; fileEncoding = 4; lastKnownFileType = text.json; path = "POST-contacts-failed.json"; sourceTree = "<group>"; };
		F8F22D5722CD96030017DA96 /* PUT-contacts-failed.json */ = {isa = PBXFileReference; fileEncoding = 4; lastKnownFileType = text.json; path = "PUT-contacts-failed.json"; sourceTree = "<group>"; };
		F8F22D5922CD96040017DA96 /* DELETE-contacts.json */ = {isa = PBXFileReference; fileEncoding = 4; lastKnownFileType = text.json; path = "DELETE-contacts.json"; sourceTree = "<group>"; };
		F8F22D5A22CD96040017DA96 /* GET-contacts-6027.json */ = {isa = PBXFileReference; fileEncoding = 4; lastKnownFileType = text.json; path = "GET-contacts-6027.json"; sourceTree = "<group>"; };
		F8F22D5B22CD96040017DA96 /* GET-contacts.json */ = {isa = PBXFileReference; fileEncoding = 4; lastKnownFileType = text.json; path = "GET-contacts.json"; sourceTree = "<group>"; };
		F8F22D5C22CD96040017DA96 /* POST-contacts.json */ = {isa = PBXFileReference; fileEncoding = 4; lastKnownFileType = text.json; path = "POST-contacts.json"; sourceTree = "<group>"; };
		F8F22D5D22CD96040017DA96 /* PUT-contacts.json */ = {isa = PBXFileReference; fileEncoding = 4; lastKnownFileType = text.json; path = "PUT-contacts.json"; sourceTree = "<group>"; };
/* End PBXFileReference section */

/* Begin PBXFrameworksBuildPhase section */
		F87F7EBA22CC51AB00A2B72F /* Frameworks */ = {
			isa = PBXFrameworksBuildPhase;
			buildActionMask = 2147483647;
			files = (
				F86BD8ED22CC5B8F00324A6A /* Kingfisher.framework in Frameworks */,
				F86BD8EF22CC5B8F00324A6A /* Networking.framework in Frameworks */,
				0872F90F335187BE9FE12918 /* Pods_Contacts.framework in Frameworks */,
			);
			runOnlyForDeploymentPostprocessing = 0;
		};
		F87F7ECE22CC51AD00A2B72F /* Frameworks */ = {
			isa = PBXFrameworksBuildPhase;
			buildActionMask = 2147483647;
			files = (
			);
			runOnlyForDeploymentPostprocessing = 0;
		};
		F87F7ED922CC51AD00A2B72F /* Frameworks */ = {
			isa = PBXFrameworksBuildPhase;
			buildActionMask = 2147483647;
			files = (
			);
			runOnlyForDeploymentPostprocessing = 0;
		};
/* End PBXFrameworksBuildPhase section */

/* Begin PBXGroup section */
		01CB931662CC71850077CD3F /* Pods */ = {
			isa = PBXGroup;
			children = (
				745D0EA947C8211EAF18C9E4 /* Pods-Contacts.debug.xcconfig */,
				5D088C47E497917F6ECE3F7A /* Pods-Contacts.release.xcconfig */,
			);
			name = Pods;
			sourceTree = "<group>";
		};
		2EC7A383FAF5F07FC54235F9 /* Frameworks */ = {
			isa = PBXGroup;
			children = (
				F86BD8EC22CC5B8F00324A6A /* Kingfisher.framework */,
				F86BD8EE22CC5B8F00324A6A /* Networking.framework */,
				B8F7DAEC3DA3187500C5B39F /* Pods_Contacts.framework */,
			);
			name = Frameworks;
			sourceTree = "<group>";
		};
		F86BD8B322CC59E700324A6A /* Storyboards */ = {
			isa = PBXGroup;
			children = (
				F87F7EC922CC51AD00A2B72F /* LaunchScreen.storyboard */,
				F87F7EC422CC51AB00A2B72F /* Contacts.storyboard */,
			);
			path = Storyboards;
			sourceTree = "<group>";
		};
		F86BD8B822CC59E800324A6A /* Viewmodels */ = {
			isa = PBXGroup;
			children = (
				F86BD90D22CCABB300324A6A /* Base */,
				F86BD90122CC79BD00324A6A /* ContactListVM.swift */,
				F8F22D4922CD140E0017DA96 /* ContactDetailsVM.swift */,
				F8F22D4B22CD141E0017DA96 /* ContactCreateVM.swift */,
			);
			path = Viewmodels;
			sourceTree = "<group>";
		};
		F86BD8BC22CC59E800324A6A /* Networking */ = {
			isa = PBXGroup;
			children = (
				F86BD8BD22CC59E800324A6A /* Repositories */,
				F86BD8C122CC59E800324A6A /* Response.swift */,
				F86BD8C322CC59E800324A6A /* API.swift */,
				F86BD8C422CC59E800324A6A /* Request.swift */,
			);
			path = Networking;
			sourceTree = "<group>";
		};
		F86BD8BD22CC59E800324A6A /* Repositories */ = {
			isa = PBXGroup;
			children = (
				F86BD8BE22CC59E800324A6A /* Repository.swift */,
				F86BD8BF22CC59E800324A6A /* ContactsRepository.swift */,
			);
			path = Repositories;
			sourceTree = "<group>";
		};
		F86BD8E322CC5B2300324A6A /* Subviews */ = {
			isa = PBXGroup;
			children = (
				F86BD8E722CC5B2300324A6A /* XIBs */,
				F86BD90822CCA4D600324A6A /* Class */,
			);
			path = Subviews;
			sourceTree = "<group>";
		};
		F86BD8E522CC5B2300324A6A /* Base */ = {
			isa = PBXGroup;
			children = (
				F86BD8E622CC5B2300324A6A /* BaseCell.swift */,
			);
			path = Base;
			sourceTree = "<group>";
		};
		F86BD8E722CC5B2300324A6A /* XIBs */ = {
			isa = PBXGroup;
			children = (
				F86BD8E822CC5B2300324A6A /* LoaderCell.xib */,
				F86BD91022CCACBF00324A6A /* ContactCell.xib */,
				F8F22D4322CCF6290017DA96 /* SectionHeader.xib */,
			);
			path = XIBs;
			sourceTree = "<group>";
		};
		F86BD8F022CC629C00324A6A /* Mocking */ = {
			isa = PBXGroup;
			children = (
				F8F22D5122CD96030017DA96 /* Failed */,
				F8F22D5822CD96040017DA96 /* Success */,
			);
			path = Mocking;
			sourceTree = "<group>";
		};
		F86BD90322CC7A7600324A6A /* Models */ = {
			isa = PBXGroup;
			children = (
				F86BD90422CC7AAB00324A6A /* Contact.swift */,
			);
			path = Models;
			sourceTree = "<group>";
		};
		F86BD90822CCA4D600324A6A /* Class */ = {
			isa = PBXGroup;
			children = (
				F86BD8E522CC5B2300324A6A /* Base */,
				F86BD8E422CC5B2300324A6A /* LoaderCell.swift */,
				F86BD91222CCACE200324A6A /* ContactCell.swift */,
				F8F22D4522CCF7ED0017DA96 /* SectionHeader.swift */,
			);
			path = Class;
			sourceTree = "<group>";
		};
		F86BD90922CCA50300324A6A /* ViewControllers */ = {
			isa = PBXGroup;
			children = (
				F86BD90A22CCA53600324A6A /* Base */,
				F87F7EC222CC51AB00A2B72F /* ContactListVC.swift */,
			);
			path = ViewControllers;
			sourceTree = "<group>";
		};
		F86BD90A22CCA53600324A6A /* Base */ = {
			isa = PBXGroup;
			children = (
				F86BD90B22CCA54300324A6A /* BaseVC.swift */,
			);
			path = Base;
			sourceTree = "<group>";
		};
		F86BD90D22CCABB300324A6A /* Base */ = {
			isa = PBXGroup;
			children = (
				F86BD8BA22CC59E800324A6A /* BaseVM.swift */,
				F86BD90E22CCABC200324A6A /* BaseContactsVM.swift */,
			);
			path = Base;
			sourceTree = "<group>";
		};
		F86BD91422CCB09600324A6A /* Helpers */ = {
			isa = PBXGroup;
			children = (
				F86BD91522CCB0A300324A6A /* StringHelper.swift */,
				F86BD91722CCB12300324A6A /* ImageViewHelper.swift */,
				F8F22D3B22CCD46B0017DA96 /* URLHelper.swift */,
				F8F22D3F22CCD6670017DA96 /* ColorHelper.swift */,
				F8F22D4122CCDFA50017DA96 /* ArrayHelper.swift */,
				F8F22D4722CCFC4F0017DA96 /* ImageHelper.swift */,
			);
			path = Helpers;
			sourceTree = "<group>";
		};
		F87F7EB422CC51AB00A2B72F = {
			isa = PBXGroup;
			children = (
				F87F7EBF22CC51AB00A2B72F /* Contacts */,
				F87F7ED422CC51AD00A2B72F /* ContactsTests */,
				F87F7EDF22CC51AD00A2B72F /* ContactsUITests */,
				F87F7EBE22CC51AB00A2B72F /* Products */,
				01CB931662CC71850077CD3F /* Pods */,
				2EC7A383FAF5F07FC54235F9 /* Frameworks */,
			);
			sourceTree = "<group>";
		};
		F87F7EBE22CC51AB00A2B72F /* Products */ = {
			isa = PBXGroup;
			children = (
				F87F7EBD22CC51AB00A2B72F /* Contacts.app */,
				F87F7ED122CC51AD00A2B72F /* ContactsTests.xctest */,
				F87F7EDC22CC51AD00A2B72F /* ContactsUITests.xctest */,
			);
			name = Products;
			sourceTree = "<group>";
		};
		F87F7EBF22CC51AB00A2B72F /* Contacts */ = {
			isa = PBXGroup;
			children = (
				F86BD91422CCB09600324A6A /* Helpers */,
				F86BD90622CC833B00324A6A /* GlobalVMFactory.swift */,
				F86BD8FF22CC790500324A6A /* GlobalEnums.swift */,
				F86BD8A722CC580E00324A6A /* GlobalConstant.swift */,
				F87F7EC022CC51AB00A2B72F /* AppDelegate.swift */,
				F86BD90922CCA50300324A6A /* ViewControllers */,
				F86BD8B322CC59E700324A6A /* Storyboards */,
				F86BD8E322CC5B2300324A6A /* Subviews */,
				F86BD8BC22CC59E800324A6A /* Networking */,
				F86BD8F022CC629C00324A6A /* Mocking */,
				F86BD90322CC7A7600324A6A /* Models */,
				F86BD8B822CC59E800324A6A /* Viewmodels */,
				F87F7EC722CC51AD00A2B72F /* Assets.xcassets */,
				F87F7ECC22CC51AD00A2B72F /* Info.plist */,
			);
			path = Contacts;
			sourceTree = "<group>";
		};
		F87F7ED422CC51AD00A2B72F /* ContactsTests */ = {
			isa = PBXGroup;
			children = (
				F87F7ED522CC51AD00A2B72F /* ContactListVMTest.swift */,
				F87F7ED722CC51AD00A2B72F /* Info.plist */,
				F8F22D4D22CD20010017DA96 /* ContactDetailsVMTest.swift */,
			);
			path = ContactsTests;
			sourceTree = "<group>";
		};
		F87F7EDF22CC51AD00A2B72F /* ContactsUITests */ = {
			isa = PBXGroup;
			children = (
				F87F7EE022CC51AD00A2B72F /* ContactsUITests.swift */,
				F87F7EE222CC51AD00A2B72F /* Info.plist */,
			);
			path = ContactsUITests;
			sourceTree = "<group>";
		};
		F8F22D5122CD96030017DA96 /* Failed */ = {
			isa = PBXGroup;
			children = (
				F8F22D5222CD96030017DA96 /* DELETE-contacts-failed.json */,
				F8F22D5322CD96030017DA96 /* GET-contacts-6027-failed.json */,
				F8F22D5422CD96030017DA96 /* GET-contacts-failed.json */,
				F8F22D5622CD96030017DA96 /* POST-contacts-failed.json */,
				F8F22D5722CD96030017DA96 /* PUT-contacts-failed.json */,
			);
			path = Failed;
			sourceTree = "<group>";
		};
		F8F22D5822CD96040017DA96 /* Success */ = {
			isa = PBXGroup;
			children = (
				F8F22D5922CD96040017DA96 /* DELETE-contacts.json */,
				F8F22D5A22CD96040017DA96 /* GET-contacts-6027.json */,
				F8F22D5B22CD96040017DA96 /* GET-contacts.json */,
				F8F22D5C22CD96040017DA96 /* POST-contacts.json */,
				F8F22D5D22CD96040017DA96 /* PUT-contacts.json */,
			);
			path = Success;
			sourceTree = "<group>";
		};
/* End PBXGroup section */

/* Begin PBXNativeTarget section */
		F87F7EBC22CC51AB00A2B72F /* Contacts */ = {
			isa = PBXNativeTarget;
			buildConfigurationList = F87F7EE522CC51AD00A2B72F /* Build configuration list for PBXNativeTarget "Contacts" */;
			buildPhases = (
				A6CFB356E03998314AA298A7 /* [CP] Check Pods Manifest.lock */,
				F87F7EB922CC51AB00A2B72F /* Sources */,
				F87F7EBA22CC51AB00A2B72F /* Frameworks */,
				F87F7EBB22CC51AB00A2B72F /* Resources */,
				84091B1C38F3E093D3F979F5 /* [CP] Embed Pods Frameworks */,
			);
			buildRules = (
			);
			dependencies = (
			);
			name = Contacts;
			productName = Contacts;
			productReference = F87F7EBD22CC51AB00A2B72F /* Contacts.app */;
			productType = "com.apple.product-type.application";
		};
		F87F7ED022CC51AD00A2B72F /* ContactsTests */ = {
			isa = PBXNativeTarget;
			buildConfigurationList = F87F7EE822CC51AD00A2B72F /* Build configuration list for PBXNativeTarget "ContactsTests" */;
			buildPhases = (
				F87F7ECD22CC51AD00A2B72F /* Sources */,
				F87F7ECE22CC51AD00A2B72F /* Frameworks */,
				F87F7ECF22CC51AD00A2B72F /* Resources */,
			);
			buildRules = (
			);
			dependencies = (
				F87F7ED322CC51AD00A2B72F /* PBXTargetDependency */,
			);
			name = ContactsTests;
			productName = ContactsTests;
			productReference = F87F7ED122CC51AD00A2B72F /* ContactsTests.xctest */;
			productType = "com.apple.product-type.bundle.unit-test";
		};
		F87F7EDB22CC51AD00A2B72F /* ContactsUITests */ = {
			isa = PBXNativeTarget;
			buildConfigurationList = F87F7EEB22CC51AD00A2B72F /* Build configuration list for PBXNativeTarget "ContactsUITests" */;
			buildPhases = (
				F87F7ED822CC51AD00A2B72F /* Sources */,
				F87F7ED922CC51AD00A2B72F /* Frameworks */,
				F87F7EDA22CC51AD00A2B72F /* Resources */,
			);
			buildRules = (
			);
			dependencies = (
				F87F7EDE22CC51AD00A2B72F /* PBXTargetDependency */,
			);
			name = ContactsUITests;
			productName = ContactsUITests;
			productReference = F87F7EDC22CC51AD00A2B72F /* ContactsUITests.xctest */;
			productType = "com.apple.product-type.bundle.ui-testing";
		};
/* End PBXNativeTarget section */

/* Begin PBXProject section */
		F87F7EB522CC51AB00A2B72F /* Project object */ = {
			isa = PBXProject;
			attributes = {
				LastSwiftUpdateCheck = 1010;
				LastUpgradeCheck = 1010;
				ORGANIZATIONNAME = "Mark Christian Buot";
				TargetAttributes = {
					F87F7EBC22CC51AB00A2B72F = {
						CreatedOnToolsVersion = 10.1;
					};
					F87F7ED022CC51AD00A2B72F = {
						CreatedOnToolsVersion = 10.1;
						TestTargetID = F87F7EBC22CC51AB00A2B72F;
					};
					F87F7EDB22CC51AD00A2B72F = {
						CreatedOnToolsVersion = 10.1;
						TestTargetID = F87F7EBC22CC51AB00A2B72F;
					};
				};
			};
			buildConfigurationList = F87F7EB822CC51AB00A2B72F /* Build configuration list for PBXProject "Contacts" */;
			compatibilityVersion = "Xcode 9.3";
			developmentRegion = en;
			hasScannedForEncodings = 0;
			knownRegions = (
				en,
				Base,
			);
			mainGroup = F87F7EB422CC51AB00A2B72F;
			productRefGroup = F87F7EBE22CC51AB00A2B72F /* Products */;
			projectDirPath = "";
			projectRoot = "";
			targets = (
				F87F7EBC22CC51AB00A2B72F /* Contacts */,
				F87F7ED022CC51AD00A2B72F /* ContactsTests */,
				F87F7EDB22CC51AD00A2B72F /* ContactsUITests */,
			);
		};
/* End PBXProject section */

/* Begin PBXResourcesBuildPhase section */
		F87F7EBB22CC51AB00A2B72F /* Resources */ = {
			isa = PBXResourcesBuildPhase;
			buildActionMask = 2147483647;
			files = (
				F8F22D6422CD96040017DA96 /* DELETE-contacts.json in Resources */,
				F8F22D6822CD96040017DA96 /* PUT-contacts.json in Resources */,
				F87F7ECB22CC51AD00A2B72F /* LaunchScreen.storyboard in Resources */,
				F8F22D6522CD96040017DA96 /* GET-contacts-6027.json in Resources */,
				F8F22D5E22CD96040017DA96 /* DELETE-contacts-failed.json in Resources */,
				F87F7EC822CC51AD00A2B72F /* Assets.xcassets in Resources */,
				F8F22D6022CD96040017DA96 /* GET-contacts-failed.json in Resources */,
				F86BD8EB22CC5B2300324A6A /* LoaderCell.xib in Resources */,
				F8F22D6622CD96040017DA96 /* GET-contacts.json in Resources */,
				F8F22D4422CCF6290017DA96 /* SectionHeader.xib in Resources */,
				F86BD91122CCACBF00324A6A /* ContactCell.xib in Resources */,
				F8F22D5F22CD96040017DA96 /* GET-contacts-6027-failed.json in Resources */,
				F8F22D6722CD96040017DA96 /* POST-contacts.json in Resources */,
				F8F22D6222CD96040017DA96 /* POST-contacts-failed.json in Resources */,
				F8F22D6322CD96040017DA96 /* PUT-contacts-failed.json in Resources */,
				F87F7EC622CC51AB00A2B72F /* Contacts.storyboard in Resources */,
			);
			runOnlyForDeploymentPostprocessing = 0;
		};
		F87F7ECF22CC51AD00A2B72F /* Resources */ = {
			isa = PBXResourcesBuildPhase;
			buildActionMask = 2147483647;
			files = (
			);
			runOnlyForDeploymentPostprocessing = 0;
		};
		F87F7EDA22CC51AD00A2B72F /* Resources */ = {
			isa = PBXResourcesBuildPhase;
			buildActionMask = 2147483647;
			files = (
			);
			runOnlyForDeploymentPostprocessing = 0;
		};
/* End PBXResourcesBuildPhase section */

/* Begin PBXShellScriptBuildPhase section */
		84091B1C38F3E093D3F979F5 /* [CP] Embed Pods Frameworks */ = {
			isa = PBXShellScriptBuildPhase;
			buildActionMask = 2147483647;
			files = (
			);
			inputFileListPaths = (
			);
			inputPaths = (
				"${SRCROOT}/Pods/Target Support Files/Pods-Contacts/Pods-Contacts-frameworks.sh",
				"${BUILT_PRODUCTS_DIR}/Kingfisher/Kingfisher.framework",
				"${BUILT_PRODUCTS_DIR}/Networking/Networking.framework",
			);
			name = "[CP] Embed Pods Frameworks";
			outputFileListPaths = (
			);
			outputPaths = (
				"${TARGET_BUILD_DIR}/${FRAMEWORKS_FOLDER_PATH}/Kingfisher.framework",
				"${TARGET_BUILD_DIR}/${FRAMEWORKS_FOLDER_PATH}/Networking.framework",
			);
			runOnlyForDeploymentPostprocessing = 0;
			shellPath = /bin/sh;
			shellScript = "\"${SRCROOT}/Pods/Target Support Files/Pods-Contacts/Pods-Contacts-frameworks.sh\"\n";
			showEnvVarsInLog = 0;
		};
		A6CFB356E03998314AA298A7 /* [CP] Check Pods Manifest.lock */ = {
			isa = PBXShellScriptBuildPhase;
			buildActionMask = 2147483647;
			files = (
			);
			inputFileListPaths = (
			);
			inputPaths = (
				"${PODS_PODFILE_DIR_PATH}/Podfile.lock",
				"${PODS_ROOT}/Manifest.lock",
			);
			name = "[CP] Check Pods Manifest.lock";
			outputFileListPaths = (
			);
			outputPaths = (
				"$(DERIVED_FILE_DIR)/Pods-Contacts-checkManifestLockResult.txt",
			);
			runOnlyForDeploymentPostprocessing = 0;
			shellPath = /bin/sh;
			shellScript = "diff \"${PODS_PODFILE_DIR_PATH}/Podfile.lock\" \"${PODS_ROOT}/Manifest.lock\" > /dev/null\nif [ $? != 0 ] ; then\n    # print error to STDERR\n    echo \"error: The sandbox is not in sync with the Podfile.lock. Run 'pod install' or update your CocoaPods installation.\" >&2\n    exit 1\nfi\n# This output is used by Xcode 'outputs' to avoid re-running this script phase.\necho \"SUCCESS\" > \"${SCRIPT_OUTPUT_FILE_0}\"\n";
			showEnvVarsInLog = 0;
		};
/* End PBXShellScriptBuildPhase section */

/* Begin PBXSourcesBuildPhase section */
		F87F7EB922CC51AB00A2B72F /* Sources */ = {
			isa = PBXSourcesBuildPhase;
			buildActionMask = 2147483647;
			files = (
				F8F22D3C22CCD46B0017DA96 /* URLHelper.swift in Sources */,
				F86BD91322CCACE200324A6A /* ContactCell.swift in Sources */,
				F86BD91622CCB0A300324A6A /* StringHelper.swift in Sources */,
				F86BD8DC22CC59E800324A6A /* API.swift in Sources */,
				F86BD8D522CC59E800324A6A /* BaseVM.swift in Sources */,
				F86BD8E922CC5B2300324A6A /* LoaderCell.swift in Sources */,
				F86BD8DA22CC59E800324A6A /* Response.swift in Sources */,
				F8F22D4222CCDFA50017DA96 /* ArrayHelper.swift in Sources */,
				F86BD91822CCB12300324A6A /* ImageViewHelper.swift in Sources */,
				F8F22D4022CCD6670017DA96 /* ColorHelper.swift in Sources */,
				F86BD90522CC7AAB00324A6A /* Contact.swift in Sources */,
				F86BD90022CC790500324A6A /* GlobalEnums.swift in Sources */,
				F86BD90722CC833B00324A6A /* GlobalVMFactory.swift in Sources */,
				F86BD90F22CCABC200324A6A /* BaseContactsVM.swift in Sources */,
				F86BD8EA22CC5B2300324A6A /* BaseCell.swift in Sources */,
				F86BD90222CC79BD00324A6A /* ContactListVM.swift in Sources */,
				F8F22D4822CCFC4F0017DA96 /* ImageHelper.swift in Sources */,
				F86BD8DD22CC59E800324A6A /* Request.swift in Sources */,
				F86BD8D822CC59E800324A6A /* ContactsRepository.swift in Sources */,
				F86BD90C22CCA54300324A6A /* BaseVC.swift in Sources */,
				F8F22D4C22CD141E0017DA96 /* ContactCreateVM.swift in Sources */,
				F86BD8D722CC59E800324A6A /* Repository.swift in Sources */,
				F8F22D4622CCF7ED0017DA96 /* SectionHeader.swift in Sources */,
				F87F7EC322CC51AB00A2B72F /* ContactListVC.swift in Sources */,
				F87F7EC122CC51AB00A2B72F /* AppDelegate.swift in Sources */,
				F8F22D4A22CD140E0017DA96 /* ContactDetailsVM.swift in Sources */,
				F86BD8A822CC580E00324A6A /* GlobalConstant.swift in Sources */,
			);
			runOnlyForDeploymentPostprocessing = 0;
		};
		F87F7ECD22CC51AD00A2B72F /* Sources */ = {
			isa = PBXSourcesBuildPhase;
			buildActionMask = 2147483647;
			files = (
				F8F22D4E22CD20010017DA96 /* ContactDetailsVMTest.swift in Sources */,
				F87F7ED622CC51AD00A2B72F /* ContactListVMTest.swift in Sources */,
			);
			runOnlyForDeploymentPostprocessing = 0;
		};
		F87F7ED822CC51AD00A2B72F /* Sources */ = {
			isa = PBXSourcesBuildPhase;
			buildActionMask = 2147483647;
			files = (
				F87F7EE122CC51AD00A2B72F /* ContactsUITests.swift in Sources */,
			);
			runOnlyForDeploymentPostprocessing = 0;
		};
/* End PBXSourcesBuildPhase section */

/* Begin PBXTargetDependency section */
		F87F7ED322CC51AD00A2B72F /* PBXTargetDependency */ = {
			isa = PBXTargetDependency;
			target = F87F7EBC22CC51AB00A2B72F /* Contacts */;
			targetProxy = F87F7ED222CC51AD00A2B72F /* PBXContainerItemProxy */;
		};
		F87F7EDE22CC51AD00A2B72F /* PBXTargetDependency */ = {
			isa = PBXTargetDependency;
			target = F87F7EBC22CC51AB00A2B72F /* Contacts */;
			targetProxy = F87F7EDD22CC51AD00A2B72F /* PBXContainerItemProxy */;
		};
/* End PBXTargetDependency section */

/* Begin PBXVariantGroup section */
		F87F7EC422CC51AB00A2B72F /* Contacts.storyboard */ = {
			isa = PBXVariantGroup;
			children = (
				F87F7EC522CC51AB00A2B72F /* Base */,
			);
			name = Contacts.storyboard;
			sourceTree = "<group>";
		};
		F87F7EC922CC51AD00A2B72F /* LaunchScreen.storyboard */ = {
			isa = PBXVariantGroup;
			children = (
				F87F7ECA22CC51AD00A2B72F /* Base */,
			);
			name = LaunchScreen.storyboard;
			sourceTree = "<group>";
		};
/* End PBXVariantGroup section */

/* Begin XCBuildConfiguration section */
		F87F7EE322CC51AD00A2B72F /* Debug */ = {
			isa = XCBuildConfiguration;
			buildSettings = {
				ALWAYS_SEARCH_USER_PATHS = NO;
				CLANG_ANALYZER_NONNULL = YES;
				CLANG_ANALYZER_NUMBER_OBJECT_CONVERSION = YES_AGGRESSIVE;
				CLANG_CXX_LANGUAGE_STANDARD = "gnu++14";
				CLANG_CXX_LIBRARY = "libc++";
				CLANG_ENABLE_MODULES = YES;
				CLANG_ENABLE_OBJC_ARC = YES;
				CLANG_ENABLE_OBJC_WEAK = YES;
				CLANG_WARN_BLOCK_CAPTURE_AUTORELEASING = YES;
				CLANG_WARN_BOOL_CONVERSION = YES;
				CLANG_WARN_COMMA = YES;
				CLANG_WARN_CONSTANT_CONVERSION = YES;
				CLANG_WARN_DEPRECATED_OBJC_IMPLEMENTATIONS = YES;
				CLANG_WARN_DIRECT_OBJC_ISA_USAGE = YES_ERROR;
				CLANG_WARN_DOCUMENTATION_COMMENTS = YES;
				CLANG_WARN_EMPTY_BODY = YES;
				CLANG_WARN_ENUM_CONVERSION = YES;
				CLANG_WARN_INFINITE_RECURSION = YES;
				CLANG_WARN_INT_CONVERSION = YES;
				CLANG_WARN_NON_LITERAL_NULL_CONVERSION = YES;
				CLANG_WARN_OBJC_IMPLICIT_RETAIN_SELF = YES;
				CLANG_WARN_OBJC_LITERAL_CONVERSION = YES;
				CLANG_WARN_OBJC_ROOT_CLASS = YES_ERROR;
				CLANG_WARN_RANGE_LOOP_ANALYSIS = YES;
				CLANG_WARN_STRICT_PROTOTYPES = YES;
				CLANG_WARN_SUSPICIOUS_MOVE = YES;
				CLANG_WARN_UNGUARDED_AVAILABILITY = YES_AGGRESSIVE;
				CLANG_WARN_UNREACHABLE_CODE = YES;
				CLANG_WARN__DUPLICATE_METHOD_MATCH = YES;
				CODE_SIGN_IDENTITY = "iPhone Developer";
				COPY_PHASE_STRIP = NO;
				DEBUG_INFORMATION_FORMAT = dwarf;
				ENABLE_STRICT_OBJC_MSGSEND = YES;
				ENABLE_TESTABILITY = YES;
				GCC_C_LANGUAGE_STANDARD = gnu11;
				GCC_DYNAMIC_NO_PIC = NO;
				GCC_NO_COMMON_BLOCKS = YES;
				GCC_OPTIMIZATION_LEVEL = 0;
				GCC_PREPROCESSOR_DEFINITIONS = (
					"DEBUG=1",
					"$(inherited)",
				);
				GCC_WARN_64_TO_32_BIT_CONVERSION = YES;
				GCC_WARN_ABOUT_RETURN_TYPE = YES_ERROR;
				GCC_WARN_UNDECLARED_SELECTOR = YES;
				GCC_WARN_UNINITIALIZED_AUTOS = YES_AGGRESSIVE;
				GCC_WARN_UNUSED_FUNCTION = YES;
				GCC_WARN_UNUSED_VARIABLE = YES;
				IPHONEOS_DEPLOYMENT_TARGET = 12.1;
				MTL_ENABLE_DEBUG_INFO = INCLUDE_SOURCE;
				MTL_FAST_MATH = YES;
				ONLY_ACTIVE_ARCH = YES;
				SDKROOT = iphoneos;
				SWIFT_ACTIVE_COMPILATION_CONDITIONS = DEBUG;
				SWIFT_OPTIMIZATION_LEVEL = "-Onone";
			};
			name = Debug;
		};
		F87F7EE422CC51AD00A2B72F /* Release */ = {
			isa = XCBuildConfiguration;
			buildSettings = {
				ALWAYS_SEARCH_USER_PATHS = NO;
				CLANG_ANALYZER_NONNULL = YES;
				CLANG_ANALYZER_NUMBER_OBJECT_CONVERSION = YES_AGGRESSIVE;
				CLANG_CXX_LANGUAGE_STANDARD = "gnu++14";
				CLANG_CXX_LIBRARY = "libc++";
				CLANG_ENABLE_MODULES = YES;
				CLANG_ENABLE_OBJC_ARC = YES;
				CLANG_ENABLE_OBJC_WEAK = YES;
				CLANG_WARN_BLOCK_CAPTURE_AUTORELEASING = YES;
				CLANG_WARN_BOOL_CONVERSION = YES;
				CLANG_WARN_COMMA = YES;
				CLANG_WARN_CONSTANT_CONVERSION = YES;
				CLANG_WARN_DEPRECATED_OBJC_IMPLEMENTATIONS = YES;
				CLANG_WARN_DIRECT_OBJC_ISA_USAGE = YES_ERROR;
				CLANG_WARN_DOCUMENTATION_COMMENTS = YES;
				CLANG_WARN_EMPTY_BODY = YES;
				CLANG_WARN_ENUM_CONVERSION = YES;
				CLANG_WARN_INFINITE_RECURSION = YES;
				CLANG_WARN_INT_CONVERSION = YES;
				CLANG_WARN_NON_LITERAL_NULL_CONVERSION = YES;
				CLANG_WARN_OBJC_IMPLICIT_RETAIN_SELF = YES;
				CLANG_WARN_OBJC_LITERAL_CONVERSION = YES;
				CLANG_WARN_OBJC_ROOT_CLASS = YES_ERROR;
				CLANG_WARN_RANGE_LOOP_ANALYSIS = YES;
				CLANG_WARN_STRICT_PROTOTYPES = YES;
				CLANG_WARN_SUSPICIOUS_MOVE = YES;
				CLANG_WARN_UNGUARDED_AVAILABILITY = YES_AGGRESSIVE;
				CLANG_WARN_UNREACHABLE_CODE = YES;
				CLANG_WARN__DUPLICATE_METHOD_MATCH = YES;
				CODE_SIGN_IDENTITY = "iPhone Developer";
				COPY_PHASE_STRIP = NO;
				DEBUG_INFORMATION_FORMAT = "dwarf-with-dsym";
				ENABLE_NS_ASSERTIONS = NO;
				ENABLE_STRICT_OBJC_MSGSEND = YES;
				GCC_C_LANGUAGE_STANDARD = gnu11;
				GCC_NO_COMMON_BLOCKS = YES;
				GCC_WARN_64_TO_32_BIT_CONVERSION = YES;
				GCC_WARN_ABOUT_RETURN_TYPE = YES_ERROR;
				GCC_WARN_UNDECLARED_SELECTOR = YES;
				GCC_WARN_UNINITIALIZED_AUTOS = YES_AGGRESSIVE;
				GCC_WARN_UNUSED_FUNCTION = YES;
				GCC_WARN_UNUSED_VARIABLE = YES;
				IPHONEOS_DEPLOYMENT_TARGET = 12.1;
				MTL_ENABLE_DEBUG_INFO = NO;
				MTL_FAST_MATH = YES;
				SDKROOT = iphoneos;
				SWIFT_COMPILATION_MODE = wholemodule;
				SWIFT_OPTIMIZATION_LEVEL = "-O";
				VALIDATE_PRODUCT = YES;
			};
			name = Release;
		};
		F87F7EE622CC51AD00A2B72F /* Debug */ = {
			isa = XCBuildConfiguration;
			baseConfigurationReference = 745D0EA947C8211EAF18C9E4 /* Pods-Contacts.debug.xcconfig */;
			buildSettings = {
				ASSETCATALOG_COMPILER_APPICON_NAME = AppIcon;
				CODE_SIGN_STYLE = Automatic;
				DEVELOPMENT_TEAM = 86TST43N9D;
				INFOPLIST_FILE = Contacts/Info.plist;
				LD_RUNPATH_SEARCH_PATHS = (
					"$(inherited)",
					"@executable_path/Frameworks",
				);
				PRODUCT_BUNDLE_IDENTIFIER = com.morph.Contacts;
				PRODUCT_NAME = "$(TARGET_NAME)";
				SWIFT_VERSION = 4.2;
				TARGETED_DEVICE_FAMILY = "1,2";
			};
			name = Debug;
		};
		F87F7EE722CC51AD00A2B72F /* Release */ = {
			isa = XCBuildConfiguration;
			baseConfigurationReference = 5D088C47E497917F6ECE3F7A /* Pods-Contacts.release.xcconfig */;
			buildSettings = {
				ASSETCATALOG_COMPILER_APPICON_NAME = AppIcon;
				CODE_SIGN_STYLE = Automatic;
				DEVELOPMENT_TEAM = 86TST43N9D;
				INFOPLIST_FILE = Contacts/Info.plist;
				LD_RUNPATH_SEARCH_PATHS = (
					"$(inherited)",
					"@executable_path/Frameworks",
				);
				PRODUCT_BUNDLE_IDENTIFIER = com.morph.Contacts;
				PRODUCT_NAME = "$(TARGET_NAME)";
				SWIFT_VERSION = 4.2;
				TARGETED_DEVICE_FAMILY = "1,2";
			};
			name = Release;
		};
		F87F7EE922CC51AD00A2B72F /* Debug */ = {
			isa = XCBuildConfiguration;
			buildSettings = {
				ALWAYS_EMBED_SWIFT_STANDARD_LIBRARIES = YES;
				BUNDLE_LOADER = "$(TEST_HOST)";
				CODE_SIGN_STYLE = Automatic;
				DEVELOPMENT_TEAM = 86TST43N9D;
				INFOPLIST_FILE = ContactsTests/Info.plist;
				LD_RUNPATH_SEARCH_PATHS = (
					"$(inherited)",
					"@executable_path/Frameworks",
					"@loader_path/Frameworks",
				);
				PRODUCT_BUNDLE_IDENTIFIER = com.morph.ContactsTests;
				PRODUCT_NAME = "$(TARGET_NAME)";
				SWIFT_VERSION = 4.2;
				TARGETED_DEVICE_FAMILY = "1,2";
				TEST_HOST = "$(BUILT_PRODUCTS_DIR)/Contacts.app/Contacts";
			};
			name = Debug;
		};
		F87F7EEA22CC51AD00A2B72F /* Release */ = {
			isa = XCBuildConfiguration;
			buildSettings = {
				ALWAYS_EMBED_SWIFT_STANDARD_LIBRARIES = YES;
				BUNDLE_LOADER = "$(TEST_HOST)";
				CODE_SIGN_STYLE = Automatic;
				DEVELOPMENT_TEAM = 86TST43N9D;
				INFOPLIST_FILE = ContactsTests/Info.plist;
				LD_RUNPATH_SEARCH_PATHS = (
					"$(inherited)",
					"@executable_path/Frameworks",
					"@loader_path/Frameworks",
				);
				PRODUCT_BUNDLE_IDENTIFIER = com.morph.ContactsTests;
				PRODUCT_NAME = "$(TARGET_NAME)";
				SWIFT_VERSION = 4.2;
				TARGETED_DEVICE_FAMILY = "1,2";
				TEST_HOST = "$(BUILT_PRODUCTS_DIR)/Contacts.app/Contacts";
			};
			name = Release;
		};
		F87F7EEC22CC51AD00A2B72F /* Debug */ = {
			isa = XCBuildConfiguration;
			buildSettings = {
				ALWAYS_EMBED_SWIFT_STANDARD_LIBRARIES = YES;
				CODE_SIGN_STYLE = Automatic;
				DEVELOPMENT_TEAM = 86TST43N9D;
				INFOPLIST_FILE = ContactsUITests/Info.plist;
				LD_RUNPATH_SEARCH_PATHS = (
					"$(inherited)",
					"@executable_path/Frameworks",
					"@loader_path/Frameworks",
				);
				PRODUCT_BUNDLE_IDENTIFIER = com.morph.ContactsUITests;
				PRODUCT_NAME = "$(TARGET_NAME)";
				SWIFT_VERSION = 4.2;
				TARGETED_DEVICE_FAMILY = "1,2";
				TEST_TARGET_NAME = Contacts;
			};
			name = Debug;
		};
		F87F7EED22CC51AD00A2B72F /* Release */ = {
			isa = XCBuildConfiguration;
			buildSettings = {
				ALWAYS_EMBED_SWIFT_STANDARD_LIBRARIES = YES;
				CODE_SIGN_STYLE = Automatic;
				DEVELOPMENT_TEAM = 86TST43N9D;
				INFOPLIST_FILE = ContactsUITests/Info.plist;
				LD_RUNPATH_SEARCH_PATHS = (
					"$(inherited)",
					"@executable_path/Frameworks",
					"@loader_path/Frameworks",
				);
				PRODUCT_BUNDLE_IDENTIFIER = com.morph.ContactsUITests;
				PRODUCT_NAME = "$(TARGET_NAME)";
				SWIFT_VERSION = 4.2;
				TARGETED_DEVICE_FAMILY = "1,2";
				TEST_TARGET_NAME = Contacts;
			};
			name = Release;
		};
/* End XCBuildConfiguration section */

/* Begin XCConfigurationList section */
		F87F7EB822CC51AB00A2B72F /* Build configuration list for PBXProject "Contacts" */ = {
			isa = XCConfigurationList;
			buildConfigurations = (
				F87F7EE322CC51AD00A2B72F /* Debug */,
				F87F7EE422CC51AD00A2B72F /* Release */,
			);
			defaultConfigurationIsVisible = 0;
			defaultConfigurationName = Release;
		};
		F87F7EE522CC51AD00A2B72F /* Build configuration list for PBXNativeTarget "Contacts" */ = {
			isa = XCConfigurationList;
			buildConfigurations = (
				F87F7EE622CC51AD00A2B72F /* Debug */,
				F87F7EE722CC51AD00A2B72F /* Release */,
			);
			defaultConfigurationIsVisible = 0;
			defaultConfigurationName = Release;
		};
		F87F7EE822CC51AD00A2B72F /* Build configuration list for PBXNativeTarget "ContactsTests" */ = {
			isa = XCConfigurationList;
			buildConfigurations = (
				F87F7EE922CC51AD00A2B72F /* Debug */,
				F87F7EEA22CC51AD00A2B72F /* Release */,
			);
			defaultConfigurationIsVisible = 0;
			defaultConfigurationName = Release;
		};
		F87F7EEB22CC51AD00A2B72F /* Build configuration list for PBXNativeTarget "ContactsUITests" */ = {
			isa = XCConfigurationList;
			buildConfigurations = (
				F87F7EEC22CC51AD00A2B72F /* Debug */,
				F87F7EED22CC51AD00A2B72F /* Release */,
			);
			defaultConfigurationIsVisible = 0;
			defaultConfigurationName = Release;
		};
/* End XCConfigurationList section */
	};
	rootObject = F87F7EB522CC51AB00A2B72F /* Project object */;
}
